// !$*UTF8*$!
{
	archiveVersion = 1;
	classes = {
	};
	objectVersion = 46;
	objects = {

/* Begin PBXBuildFile section */
		174CC2211E134459005DC4B8 /* main.cpp in Sources */ = {isa = PBXBuildFile; fileRef = 174CC2201E134459005DC4B8 /* main.cpp */; };
/* End PBXBuildFile section */

/* Begin PBXCopyFilesBuildPhase section */
		174CC21B1E134459005DC4B8 /* CopyFiles */ = {
			isa = PBXCopyFilesBuildPhase;
			buildActionMask = 2147483647;
			dstPath = /usr/share/man/man1/;
			dstSubfolderSpec = 0;
			files = (
			);
			runOnlyForDeploymentPostprocessing = 1;
		};
/* End PBXCopyFilesBuildPhase section */

/* Begin PBXFileReference section */
		174CC21D1E134459005DC4B8 /* 152 实现RoundTable类（C++） */ = {isa = PBXFileReference; explicitFileType = "compiled.mach-o.executable"; includeInIndex = 0; path = "152 实现RoundTable类（C++）"; sourceTree = BUILT_PRODUCTS_DIR; };
		174CC2201E134459005DC4B8 /* main.cpp */ = {isa = PBXFileReference; lastKnownFileType = sourcecode.cpp.cpp; path = main.cpp; sourceTree = "<group>"; };
/* End PBXFileReference section */

/* Begin PBXFrameworksBuildPhase section */
		174CC21A1E134459005DC4B8 /* Frameworks */ = {
			isa = PBXFrameworksBuildPhase;
			buildActionMask = 2147483647;
			files = (
			);
			runOnlyForDeploymentPostprocessing = 0;
		};
/* End PBXFrameworksBuildPhase section */

/* Begin PBXGroup section */
		174CC2141E134459005DC4B8 = {
			isa = PBXGroup;
			children = (
				174CC21F1E134459005DC4B8 /* 152 实现RoundTable类（C++） */,
				174CC21E1E134459005DC4B8 /* Products */,
			);
			sourceTree = "<group>";
		};
		174CC21E1E134459005DC4B8 /* Products */ = {
			isa = PBXGroup;
			children = (
				174CC21D1E134459005DC4B8 /* 152 实现RoundTable类（C++） */,
			);
			name = Products;
			sourceTree = "<group>";
		};
		174CC21F1E134459005DC4B8 /* 152 实现RoundTable类（C++） */ = {
			isa = PBXGroup;
			children = (
				174CC2201E134459005DC4B8 /* main.cpp */,
			);
			path = "152 实现RoundTable类（C++）";
			sourceTree = "<group>";
		};
/* End PBXGroup section */

/* Begin PBXNativeTarget section */
		174CC21C1E134459005DC4B8 /* 152 实现RoundTable类（C++） */ = {
			isa = PBXNativeTarget;
			buildConfigurationList = 174CC2241E134459005DC4B8 /* Build configuration list for PBXNativeTarget "152 实现RoundTable类（C++）" */;
			buildPhases = (
				174CC2191E134459005DC4B8 /* Sources */,
				174CC21A1E134459005DC4B8 /* Frameworks */,
				174CC21B1E134459005DC4B8 /* CopyFiles */,
			);
			buildRules = (
			);
			dependencies = (
			);
			name = "152 实现RoundTable类（C++）";
			productName = "152 实现RoundTable类（C++）";
			productReference = 174CC21D1E134459005DC4B8 /* 152 实现RoundTable类（C++） */;
			productType = "com.apple.product-type.tool";
		};
/* End PBXNativeTarget section */

/* Begin PBXProject section */
		174CC2151E134459005DC4B8 /* Project object */ = {
			isa = PBXProject;
			attributes = {
				LastUpgradeCheck = 0810;
				ORGANIZATIONNAME = "徐贤达";
				TargetAttributes = {
					174CC21C1E134459005DC4B8 = {
						CreatedOnToolsVersion = 8.1;
						DevelopmentTeam = S5LH4839SW;
						ProvisioningStyle = Automatic;
					};
				};
			};
			buildConfigurationList = 174CC2181E134459005DC4B8 /* Build configuration list for PBXProject "152 实现RoundTable类（C++）" */;
			compatibilityVersion = "Xcode 3.2";
			developmentRegion = English;
			hasScannedForEncodings = 0;
			knownRegions = (
				en,
			);
			mainGroup = 174CC2141E134459005DC4B8;
			productRefGroup = 174CC21E1E134459005DC4B8 /* Products */;
			projectDirPath = "";
			projectRoot = "";
			targets = (
				174CC21C1E134459005DC4B8 /* 152 实现RoundTable类（C++） */,
			);
		};
/* End PBXProject section */

/* Begin PBXSourcesBuildPhase section */
		174CC2191E134459005DC4B8 /* Sources */ = {
			isa = PBXSourcesBuildPhase;
			buildActionMask = 2147483647;
			files = (
				174CC2211E134459005DC4B8 /* main.cpp in Sources */,
			);
			runOnlyForDeploymentPostprocessing = 0;
		};
/* End PBXSourcesBuildPhase section */

/* Begin XCBuildConfiguration section */
		174CC2221E134459005DC4B8 /* Debug */ = {
			isa = XCBuildConfiguration;
			buildSettings = {
				ALWAYS_SEARCH_USER_PATHS = NO;
				CLANG_ANALYZER_NONNULL = YES;
				CLANG_CXX_LANGUAGE_STANDARD = "gnu++0x";
				CLANG_CXX_LIBRARY = "libc++";
				CLANG_ENABLE_MODULES = YES;
				CLANG_ENABLE_OBJC_ARC = YES;
				CLANG_WARN_BOOL_CONVERSION = YES;
				CLANG_WARN_CONSTANT_CONVERSION = YES;
				CLANG_WARN_DIRECT_OBJC_ISA_USAGE = YES_ERROR;
				CLANG_WARN_DOCUMENTATION_COMMENTS = YES;
				CLANG_WARN_EMPTY_BODY = YES;
				CLANG_WARN_ENUM_CONVERSION = YES;
				CLANG_WARN_INFINITE_RECURSION = YES;
				CLANG_WARN_INT_CONVERSION = YES;
				CLANG_WARN_OBJC_ROOT_CLASS = YES_ERROR;
				CLANG_WARN_SUSPICIOUS_MOVES = YES;
				CLANG_WARN_UNREACHABLE_CODE = YES;
				CLANG_WARN__DUPLICATE_METHOD_MATCH = YES;
				CODE_SIGN_IDENTITY = "-";
				COPY_PHASE_STRIP = NO;
				DEBUG_INFORMATION_FORMAT = dwarf;
				ENABLE_STRICT_OBJC_MSGSEND = YES;
				ENABLE_TESTABILITY = YES;
				GCC_C_LANGUAGE_STANDARD = gnu99;
				GCC_DYNAMIC_NO_PIC = NO;
				GCC_NO_COMMON_BLOCKS = YES;
				GCC_OPTIMIZATION_LEVEL = 0;
				GCC_PREPROCESSOR_DEFINITIONS = (
					"DEBUG=1",
					"$(inherited)",
				);
				GCC_WARN_64_TO_32_BIT_CONVERSION = YES;
				GCC_WARN_ABOUT_RETURN_TYPE = YES_ERROR;
				GCC_WARN_UNDECLARED_SELECTOR = YES;
				GCC_WARN_UNINITIALIZED_AUTOS = YES_AGGRESSIVE;
				GCC_WARN_UNUSED_FUNCTION = YES;
				GCC_WARN_UNUSED_VARIABLE = YES;
				MACOSX_DEPLOYMENT_TARGET = 10.12;
				MTL_ENABLE_DEBUG_INFO = YES;
				ONLY_ACTIVE_ARCH = YES;
				SDKROOT = macosx;
			};
			name = Debug;
		};
		174CC2231E134459005DC4B8 /* Release */ = {
			isa = XCBuildConfiguration;
			buildSettings = {
				ALWAYS_SEARCH_USER_PATHS = NO;
				CLANG_ANALYZER_NONNULL = YES;
				CLANG_CXX_LANGUAGE_STANDARD = "gnu++0x";
				CLANG_CXX_LIBRARY = "libc++";
				CLANG_ENABLE_MODULES = YES;
				CLANG_ENABLE_OBJC_ARC = YES;
				CLANG_WARN_BOOL_CONVERSION = YES;
				CLANG_WARN_CONSTANT_CONVERSION = YES;
				CLANG_WARN_DIRECT_OBJC_ISA_USAGE = YES_ERROR;
				CLANG_WARN_DOCUMENTATION_COMMENTS = YES;
				CLANG_WARN_EMPTY_BODY = YES;
				CLANG_WARN_ENUM_CONVERSION = YES;
				CLANG_WARN_INFINITE_RECURSION = YES;
				CLANG_WARN_INT_CONVERSION = YES;
				CLANG_WARN_OBJC_ROOT_CLASS = YES_ERROR;
				CLANG_WARN_SUSPICIOUS_MOVES = YES;
				CLANG_WARN_UNREACHABLE_CODE = YES;
				CLANG_WARN__DUPLICATE_METHOD_MATCH = YES;
				CODE_SIGN_IDENTITY = "-";
				COPY_PHASE_STRIP = NO;
				DEBUG_INFORMATION_FORMAT = "dwarf-with-dsym";
				ENABLE_NS_ASSERTIONS = NO;
				ENABLE_STRICT_OBJC_MSGSEND = YES;
				GCC_C_LANGUAGE_STANDARD = gnu99;
				GCC_NO_COMMON_BLOCKS = YES;
				GCC_WARN_64_TO_32_BIT_CONVERSION = YES;
				GCC_WARN_ABOUT_RETURN_TYPE = YES_ERROR;
				GCC_WARN_UNDECLARED_SELECTOR = YES;
				GCC_WARN_UNINITIALIZED_AUTOS = YES_AGGRESSIVE;
				GCC_WARN_UNUSED_FUNCTION = YES;
				GCC_WARN_UNUSED_VARIABLE = YES;
				MACOSX_DEPLOYMENT_TARGET = 10.12;
				MTL_ENABLE_DEBUG_INFO = NO;
				SDKROOT = macosx;
			};
			name = Release;
		};
		174CC2251E134459005DC4B8 /* Debug */ = {
			isa = XCBuildConfiguration;
			buildSettings = {
				DEVELOPMENT_TEAM = S5LH4839SW;
				PRODUCT_NAME = "$(TARGET_NAME)";
			};
			name = Debug;
		};
		174CC2261E134459005DC4B8 /* Release */ = {
			isa = XCBuildConfiguration;
			buildSettings = {
				DEVELOPMENT_TEAM = S5LH4839SW;
				PRODUCT_NAME = "$(TARGET_NAME)";
			};
			name = Release;
		};
/* End XCBuildConfiguration section */

/* Begin XCConfigurationList section */
		174CC2181E134459005DC4B8 /* Build configuration list for PBXProject "152 实现RoundTable类（C++）" */ = {
			isa = XCConfigurationList;
			buildConfigurations = (
				174CC2221E134459005DC4B8 /* Debug */,
				174CC2231E134459005DC4B8 /* Release */,
			);
			defaultConfigurationIsVisible = 0;
			defaultConfigurationName = Release;
		};
		174CC2241E134459005DC4B8 /* Build configuration list for PBXNativeTarget "152 实现RoundTable类（C++）" */ = {
			isa = XCConfigurationList;
			buildConfigurations = (
				174CC2251E134459005DC4B8 /* Debug */,
				174CC2261E134459005DC4B8 /* Release */,
			);
			defaultConfigurationIsVisible = 0;
		};
/* End XCConfigurationList section */
	};
	rootObject = 174CC2151E134459005DC4B8 /* Project object */;
}
